
Microsoft Visual Studio Solution File, Format Version 12.00
# Visual Studio Version 17
VisualStudioVersion = 17.9.34607.119
MinimumVisualStudioVersion = 10.0.40219.1
Project("{FAE04EC0-301F-11D3-BF4B-00C04F79EFBC}") = "6 soft 1 converter", "6 soft 1 converter\6 soft 1 converter.csproj", "{BE6C0A0C-A235-40DA-B56B-75375A9C5217}"
EndProject
Global
	GlobalSection(SolutionConfigurationPlatforms) = preSolution
		Debug|Any CPU = Debug|Any CPU
		Release|Any CPU = Release|Any CPU
	EndGlobalSection
	GlobalSection(ProjectConfigurationPlatforms) = postSolution
		{BE6C0A0C-A235-40DA-B56B-75375A9C5217}.Debug|Any CPU.ActiveCfg = Debug|Any CPU
		{BE6C0A0C-A235-40DA-B56B-75375A9C5217}.Debug|Any CPU.Build.0 = Debug|Any CPU
		{BE6C0A0C-A235-40DA-B56B-75375A9C5217}.Release|Any CPU.ActiveCfg = Release|Any CPU
		{BE6C0A0C-A235-40DA-B56B-75375A9C5217}.Release|Any CPU.Build.0 = Release|Any CPU
	EndGlobalSection
	GlobalSection(SolutionProperties) = preSolution
		HideSolutionNode = FALSE
	EndGlobalSection
	GlobalSection(ExtensibilityGlobals) = postSolution
		SolutionGuid = {68E47C8A-43F1-40AE-BFAD-3FEDD4909E1F}
	EndGlobalSection
EndGlobal
